// !$*UTF8*$!
{
	archiveVersion = 1;
	classes = {
	};
	objectVersion = 46;
	objects = {

/* Begin PBXBuildFile section */
		851D5FFC1E9B26D3001DF4CA /* AppDelegate.swift in Sources */ = {isa = PBXBuildFile; fileRef = 851D5FFB1E9B26D3001DF4CA /* AppDelegate.swift */; };
		851D60011E9B26D3001DF4CA /* Main.storyboard in Resources */ = {isa = PBXBuildFile; fileRef = 851D5FFF1E9B26D3001DF4CA /* Main.storyboard */; };
		851D60031E9B26D3001DF4CA /* Assets.xcassets in Resources */ = {isa = PBXBuildFile; fileRef = 851D60021E9B26D3001DF4CA /* Assets.xcassets */; };
		851D60061E9B26D3001DF4CA /* LaunchScreen.storyboard in Resources */ = {isa = PBXBuildFile; fileRef = 851D60041E9B26D3001DF4CA /* LaunchScreen.storyboard */; };
		851D60161E9B4CA9001DF4CA /* Home.storyboard in Resources */ = {isa = PBXBuildFile; fileRef = 851D60141E9B4CA9001DF4CA /* Home.storyboard */; };
		851D60181E9B4CEF001DF4CA /* Live.storyboard in Resources */ = {isa = PBXBuildFile; fileRef = 851D60171E9B4CEF001DF4CA /* Live.storyboard */; };
		851D601B1E9B4D05001DF4CA /* Follow.storyboard in Resources */ = {isa = PBXBuildFile; fileRef = 851D60191E9B4D05001DF4CA /* Follow.storyboard */; };
		851D601D1E9B4D1A001DF4CA /* Profile.storyboard in Resources */ = {isa = PBXBuildFile; fileRef = 851D601C1E9B4D1A001DF4CA /* Profile.storyboard */; };
		851D601F1E9B4E1D001DF4CA /* MainViewController.swift in Sources */ = {isa = PBXBuildFile; fileRef = 851D601E1E9B4E1D001DF4CA /* MainViewController.swift */; };
/* End PBXBuildFile section */

/* Begin PBXFileReference section */
		851D5FF81E9B26D3001DF4CA /* DYZB.app */ = {isa = PBXFileReference; explicitFileType = wrapper.application; includeInIndex = 0; path = DYZB.app; sourceTree = BUILT_PRODUCTS_DIR; };
		851D5FFB1E9B26D3001DF4CA /* AppDelegate.swift */ = {isa = PBXFileReference; lastKnownFileType = sourcecode.swift; path = AppDelegate.swift; sourceTree = "<group>"; };
		851D60001E9B26D3001DF4CA /* Base */ = {isa = PBXFileReference; lastKnownFileType = file.storyboard; name = Base; path = Base.lproj/Main.storyboard; sourceTree = "<group>"; };
		851D60021E9B26D3001DF4CA /* Assets.xcassets */ = {isa = PBXFileReference; lastKnownFileType = folder.assetcatalog; path = Assets.xcassets; sourceTree = "<group>"; };
		851D60051E9B26D3001DF4CA /* Base */ = {isa = PBXFileReference; lastKnownFileType = file.storyboard; name = Base; path = Base.lproj/LaunchScreen.storyboard; sourceTree = "<group>"; };
		851D60071E9B26D3001DF4CA /* Info.plist */ = {isa = PBXFileReference; lastKnownFileType = text.plist.xml; path = Info.plist; sourceTree = "<group>"; };
		851D60151E9B4CA9001DF4CA /* Base */ = {isa = PBXFileReference; lastKnownFileType = file.storyboard; name = Base; path = DYZB/Base.lproj/Home.storyboard; sourceTree = SOURCE_ROOT; };
		851D60171E9B4CEF001DF4CA /* Live.storyboard */ = {isa = PBXFileReference; fileEncoding = 4; lastKnownFileType = file.storyboard; name = Live.storyboard; path = ../../Main/Live.storyboard; sourceTree = "<group>"; };
		851D601A1E9B4D05001DF4CA /* Base */ = {isa = PBXFileReference; lastKnownFileType = file.storyboard; name = Base; path = DYZB/Base.lproj/Follow.storyboard; sourceTree = SOURCE_ROOT; };
		851D601C1E9B4D1A001DF4CA /* Profile.storyboard */ = {isa = PBXFileReference; fileEncoding = 4; lastKnownFileType = file.storyboard; name = Profile.storyboard; path = ../../Main/Profile.storyboard; sourceTree = "<group>"; };
		851D601E1E9B4E1D001DF4CA /* MainViewController.swift */ = {isa = PBXFileReference; fileEncoding = 4; lastKnownFileType = sourcecode.swift; name = MainViewController.swift; path = ../MainViewController.swift; sourceTree = "<group>"; };
/* End PBXFileReference section */

/* Begin PBXFrameworksBuildPhase section */
		851D5FF51E9B26D3001DF4CA /* Frameworks */ = {
			isa = PBXFrameworksBuildPhase;
			buildActionMask = 2147483647;
			files = (
			);
			runOnlyForDeploymentPostprocessing = 0;
		};
/* End PBXFrameworksBuildPhase section */

/* Begin PBXGroup section */
		851D5FEF1E9B26D2001DF4CA = {
			isa = PBXGroup;
			children = (
				851D5FFA1E9B26D3001DF4CA /* DYZB */,
				851D5FF91E9B26D3001DF4CA /* Products */,
			);
			sourceTree = "<group>";
		};
		851D5FF91E9B26D3001DF4CA /* Products */ = {
			isa = PBXGroup;
			children = (
				851D5FF81E9B26D3001DF4CA /* DYZB.app */,
			);
			name = Products;
			sourceTree = "<group>";
		};
		851D5FFA1E9B26D3001DF4CA /* DYZB */ = {
			isa = PBXGroup;
			children = (
				851D600D1E9B349E001DF4CA /* Classes */,
				851D5FFB1E9B26D3001DF4CA /* AppDelegate.swift */,
				851D60021E9B26D3001DF4CA /* Assets.xcassets */,
				851D60041E9B26D3001DF4CA /* LaunchScreen.storyboard */,
				851D60071E9B26D3001DF4CA /* Info.plist */,
			);
			path = DYZB;
			sourceTree = "<group>";
		};
		851D600D1E9B349E001DF4CA /* Classes */ = {
			isa = PBXGroup;
			children = (
				851D600F1E9B349E001DF4CA /* Home */,
				851D60101E9B349E001DF4CA /* Live */,
				851D600E1E9B349E001DF4CA /* Follow */,
				851D60121E9B349E001DF4CA /* Profile */,
				851D60111E9B349E001DF4CA /* Main */,
				851D60131E9B349E001DF4CA /* Tools */,
			);
			path = Classes;
			sourceTree = "<group>";
		};
		851D600E1E9B349E001DF4CA /* Follow */ = {
			isa = PBXGroup;
			children = (
				851D60261E9B504A001DF4CA /* Controller */,
				851D60271E9B504A001DF4CA /* Model */,
				851D60281E9B504A001DF4CA /* View */,
			);
			path = Follow;
			sourceTree = "<group>";
		};
		851D600F1E9B349E001DF4CA /* Home */ = {
			isa = PBXGroup;
			children = (
				851D60201E9B5036001DF4CA /* Controller */,
				851D60211E9B5036001DF4CA /* Model */,
				851D60221E9B5036001DF4CA /* View */,
			);
			path = Home;
			sourceTree = "<group>";
		};
		851D60101E9B349E001DF4CA /* Live */ = {
			isa = PBXGroup;
			children = (
				851D60231E9B5044001DF4CA /* Controller */,
				851D60241E9B5044001DF4CA /* Model */,
				851D60251E9B5044001DF4CA /* View */,
			);
			path = Live;
			sourceTree = "<group>";
		};
		851D60111E9B349E001DF4CA /* Main */ = {
			isa = PBXGroup;
			children = (
				851D602C1E9B505C001DF4CA /* Controller */,
				851D602D1E9B505C001DF4CA /* Model */,
				851D602E1E9B505C001DF4CA /* View */,
			);
			path = Main;
			sourceTree = "<group>";
		};
		851D60121E9B349E001DF4CA /* Profile */ = {
			isa = PBXGroup;
			children = (
				851D60291E9B5051001DF4CA /* Controller */,
				851D602A1E9B5051001DF4CA /* Model */,
				851D602B1E9B5051001DF4CA /* View */,
			);
			path = Profile;
			sourceTree = "<group>";
		};
		851D60131E9B349E001DF4CA /* Tools */ = {
			isa = PBXGroup;
			children = (
			);
			path = Tools;
			sourceTree = "<group>";
		};
		851D60201E9B5036001DF4CA /* Controller */ = {
			isa = PBXGroup;
			children = (
				851D60141E9B4CA9001DF4CA /* Home.storyboard */,
			);
			path = Controller;
			sourceTree = "<group>";
		};
		851D60211E9B5036001DF4CA /* Model */ = {
			isa = PBXGroup;
			children = (
			);
			path = Model;
			sourceTree = "<group>";
		};
		851D60221E9B5036001DF4CA /* View */ = {
			isa = PBXGroup;
			children = (
			);
			path = View;
			sourceTree = "<group>";
		};
		851D60231E9B5044001DF4CA /* Controller */ = {
			isa = PBXGroup;
			children = (
				851D60171E9B4CEF001DF4CA /* Live.storyboard */,
			);
			path = Controller;
			sourceTree = "<group>";
		};
		851D60241E9B5044001DF4CA /* Model */ = {
			isa = PBXGroup;
			children = (
			);
			path = Model;
			sourceTree = "<group>";
		};
		851D60251E9B5044001DF4CA /* View */ = {
			isa = PBXGroup;
			children = (
			);
			path = View;
			sourceTree = "<group>";
		};
		851D60261E9B504A001DF4CA /* Controller */ = {
			isa = PBXGroup;
			children = (
				851D60191E9B4D05001DF4CA /* Follow.storyboard */,
			);
			path = Controller;
			sourceTree = "<group>";
		};
		851D60271E9B504A001DF4CA /* Model */ = {
			isa = PBXGroup;
			children = (
			);
			path = Model;
			sourceTree = "<group>";
		};
		851D60281E9B504A001DF4CA /* View */ = {
			isa = PBXGroup;
			children = (
			);
			path = View;
			sourceTree = "<group>";
		};
		851D60291E9B5051001DF4CA /* Controller */ = {
			isa = PBXGroup;
			children = (
				851D601C1E9B4D1A001DF4CA /* Profile.storyboard */,
			);
			path = Controller;
			sourceTree = "<group>";
		};
		851D602A1E9B5051001DF4CA /* Model */ = {
			isa = PBXGroup;
			children = (
			);
			path = Model;
			sourceTree = "<group>";
		};
		851D602B1E9B5051001DF4CA /* View */ = {
			isa = PBXGroup;
			children = (
			);
			path = View;
			sourceTree = "<group>";
		};
		851D602C1E9B505C001DF4CA /* Controller */ = {
			isa = PBXGroup;
			children = (
				851D5FFF1E9B26D3001DF4CA /* Main.storyboard */,
				851D601E1E9B4E1D001DF4CA /* MainViewController.swift */,
			);
			path = Controller;
			sourceTree = "<group>";
		};
		851D602D1E9B505C001DF4CA /* Model */ = {
			isa = PBXGroup;
			children = (
			);
			path = Model;
			sourceTree = "<group>";
		};
		851D602E1E9B505C001DF4CA /* View */ = {
			isa = PBXGroup;
			children = (
			);
			path = View;
			sourceTree = "<group>";
		};
/* End PBXGroup section */

/* Begin PBXNativeTarget section */
		851D5FF71E9B26D3001DF4CA /* DYZB */ = {
			isa = PBXNativeTarget;
			buildConfigurationList = 851D600A1E9B26D3001DF4CA /* Build configuration list for PBXNativeTarget "DYZB" */;
			buildPhases = (
				851D5FF41E9B26D3001DF4CA /* Sources */,
				851D5FF51E9B26D3001DF4CA /* Frameworks */,
				851D5FF61E9B26D3001DF4CA /* Resources */,
			);
			buildRules = (
			);
			dependencies = (
			);
			name = DYZB;
			productName = DYZB;
			productReference = 851D5FF81E9B26D3001DF4CA /* DYZB.app */;
			productType = "com.apple.product-type.application";
		};
/* End PBXNativeTarget section */

/* Begin PBXProject section */
		851D5FF01E9B26D2001DF4CA /* Project object */ = {
			isa = PBXProject;
			attributes = {
				LastSwiftUpdateCheck = 0830;
				LastUpgradeCheck = 0830;
				ORGANIZATIONNAME = liangxue;
				TargetAttributes = {
					851D5FF71E9B26D3001DF4CA = {
						CreatedOnToolsVersion = 8.3;
						DevelopmentTeam = KY796692DU;
						ProvisioningStyle = Automatic;
					};
				};
			};
			buildConfigurationList = 851D5FF31E9B26D2001DF4CA /* Build configuration list for PBXProject "DYZB" */;
			compatibilityVersion = "Xcode 3.2";
			developmentRegion = English;
			hasScannedForEncodings = 0;
			knownRegions = (
				en,
				Base,
			);
			mainGroup = 851D5FEF1E9B26D2001DF4CA;
			productRefGroup = 851D5FF91E9B26D3001DF4CA /* Products */;
			projectDirPath = "";
			projectRoot = "";
			targets = (
				851D5FF71E9B26D3001DF4CA /* DYZB */,
			);
		};
/* End PBXProject section */

/* Begin PBXResourcesBuildPhase section */
		851D5FF61E9B26D3001DF4CA /* Resources */ = {
			isa = PBXResourcesBuildPhase;
			buildActionMask = 2147483647;
			files = (
				851D60061E9B26D3001DF4CA /* LaunchScreen.storyboard in Resources */,
				851D60031E9B26D3001DF4CA /* Assets.xcassets in Resources */,
				851D60011E9B26D3001DF4CA /* Main.storyboard in Resources */,
				851D60181E9B4CEF001DF4CA /* Live.storyboard in Resources */,
				851D60161E9B4CA9001DF4CA /* Home.storyboard in Resources */,
				851D601D1E9B4D1A001DF4CA /* Profile.storyboard in Resources */,
				851D601B1E9B4D05001DF4CA /* Follow.storyboard in Resources */,
			);
			runOnlyForDeploymentPostprocessing = 0;
		};
/* End PBXResourcesBuildPhase section */

/* Begin PBXSourcesBuildPhase section */
		851D5FF41E9B26D3001DF4CA /* Sources */ = {
			isa = PBXSourcesBuildPhase;
			buildActionMask = 2147483647;
			files = (
				851D5FFC1E9B26D3001DF4CA /* AppDelegate.swift in Sources */,
				851D601F1E9B4E1D001DF4CA /* MainViewController.swift in Sources */,
			);
			runOnlyForDeploymentPostprocessing = 0;
		};
/* End PBXSourcesBuildPhase section */

/* Begin PBXVariantGroup section */
		851D5FFF1E9B26D3001DF4CA /* Main.storyboard */ = {
			isa = PBXVariantGroup;
			children = (
				851D60001E9B26D3001DF4CA /* Base */,
			);
			name = Main.storyboard;
			path = ../../..;
			sourceTree = "<group>";
		};
		851D60041E9B26D3001DF4CA /* LaunchScreen.storyboard */ = {
			isa = PBXVariantGroup;
			children = (
				851D60051E9B26D3001DF4CA /* Base */,
			);
			name = LaunchScreen.storyboard;
			sourceTree = "<group>";
		};
		851D60141E9B4CA9001DF4CA /* Home.storyboard */ = {
			isa = PBXVariantGroup;
			children = (
				851D60151E9B4CA9001DF4CA /* Base */,
			);
			name = Home.storyboard;
			path = ../../Main;
			sourceTree = "<group>";
		};
		851D60191E9B4D05001DF4CA /* Follow.storyboard */ = {
			isa = PBXVariantGroup;
			children = (
				851D601A1E9B4D05001DF4CA /* Base */,
			);
			name = Follow.storyboard;
			path = ../../Main;
			sourceTree = "<group>";
		};
/* End PBXVariantGroup section */

/* Begin XCBuildConfiguration section */
		851D60081E9B26D3001DF4CA /* Debug */ = {
			isa = XCBuildConfiguration;
			buildSettings = {
				ALWAYS_SEARCH_USER_PATHS = NO;
				CLANG_ANALYZER_NONNULL = YES;
				CLANG_ANALYZER_NUMBER_OBJECT_CONVERSION = YES_AGGRESSIVE;
				CLANG_CXX_LANGUAGE_STANDARD = "gnu++0x";
				CLANG_CXX_LIBRARY = "libc++";
				CLANG_ENABLE_MODULES = YES;
				CLANG_ENABLE_OBJC_ARC = YES;
				CLANG_WARN_BOOL_CONVERSION = YES;
				CLANG_WARN_CONSTANT_CONVERSION = YES;
				CLANG_WARN_DIRECT_OBJC_ISA_USAGE = YES_ERROR;
				CLANG_WARN_DOCUMENTATION_COMMENTS = YES;
				CLANG_WARN_EMPTY_BODY = YES;
				CLANG_WARN_ENUM_CONVERSION = YES;
				CLANG_WARN_INFINITE_RECURSION = YES;
				CLANG_WARN_INT_CONVERSION = YES;
				CLANG_WARN_OBJC_ROOT_CLASS = YES_ERROR;
				CLANG_WARN_SUSPICIOUS_MOVE = YES;
				CLANG_WARN_UNREACHABLE_CODE = YES;
				CLANG_WARN__DUPLICATE_METHOD_MATCH = YES;
				"CODE_SIGN_IDENTITY[sdk=iphoneos*]" = "iPhone Developer";
				COPY_PHASE_STRIP = NO;
				DEBUG_INFORMATION_FORMAT = dwarf;
				ENABLE_STRICT_OBJC_MSGSEND = YES;
				ENABLE_TESTABILITY = YES;
				GCC_C_LANGUAGE_STANDARD = gnu99;
				GCC_DYNAMIC_NO_PIC = NO;
				GCC_NO_COMMON_BLOCKS = YES;
				GCC_OPTIMIZATION_LEVEL = 0;
				GCC_PREPROCESSOR_DEFINITIONS = (
					"DEBUG=1",
					"$(inherited)",
				);
				GCC_WARN_64_TO_32_BIT_CONVERSION = YES;
				GCC_WARN_ABOUT_RETURN_TYPE = YES_ERROR;
				GCC_WARN_UNDECLARED_SELECTOR = YES;
				GCC_WARN_UNINITIALIZED_AUTOS = YES_AGGRESSIVE;
				GCC_WARN_UNUSED_FUNCTION = YES;
				GCC_WARN_UNUSED_VARIABLE = YES;
				IPHONEOS_DEPLOYMENT_TARGET = 10.3;
				MTL_ENABLE_DEBUG_INFO = YES;
				ONLY_ACTIVE_ARCH = YES;
				SDKROOT = iphoneos;
				SWIFT_ACTIVE_COMPILATION_CONDITIONS = DEBUG;
				SWIFT_OPTIMIZATION_LEVEL = "-Onone";
			};
			name = Debug;
		};
		851D60091E9B26D3001DF4CA /* Release */ = {
			isa = XCBuildConfiguration;
			buildSettings = {
				ALWAYS_SEARCH_USER_PATHS = NO;
				CLANG_ANALYZER_NONNULL = YES;
				CLANG_ANALYZER_NUMBER_OBJECT_CONVERSION = YES_AGGRESSIVE;
				CLANG_CXX_LANGUAGE_STANDARD = "gnu++0x";
				CLANG_CXX_LIBRARY = "libc++";
				CLANG_ENABLE_MODULES = YES;
				CLANG_ENABLE_OBJC_ARC = YES;
				CLANG_WARN_BOOL_CONVERSION = YES;
				CLANG_WARN_CONSTANT_CONVERSION = YES;
				CLANG_WARN_DIRECT_OBJC_ISA_USAGE = YES_ERROR;
				CLANG_WARN_DOCUMENTATION_COMMENTS = YES;
				CLANG_WARN_EMPTY_BODY = YES;
				CLANG_WARN_ENUM_CONVERSION = YES;
				CLANG_WARN_INFINITE_RECURSION = YES;
				CLANG_WARN_INT_CONVERSION = YES;
				CLANG_WARN_OBJC_ROOT_CLASS = YES_ERROR;
				CLANG_WARN_SUSPICIOUS_MOVE = YES;
				CLANG_WARN_UNREACHABLE_CODE = YES;
				CLANG_WARN__DUPLICATE_METHOD_MATCH = YES;
				"CODE_SIGN_IDENTITY[sdk=iphoneos*]" = "iPhone Developer";
				COPY_PHASE_STRIP = NO;
				DEBUG_INFORMATION_FORMAT = "dwarf-with-dsym";
				ENABLE_NS_ASSERTIONS = NO;
				ENABLE_STRICT_OBJC_MSGSEND = YES;
				GCC_C_LANGUAGE_STANDARD = gnu99;
				GCC_NO_COMMON_BLOCKS = YES;
				GCC_WARN_64_TO_32_BIT_CONVERSION = YES;
				GCC_WARN_ABOUT_RETURN_TYPE = YES_ERROR;
				GCC_WARN_UNDECLARED_SELECTOR = YES;
				GCC_WARN_UNINITIALIZED_AUTOS = YES_AGGRESSIVE;
				GCC_WARN_UNUSED_FUNCTION = YES;
				GCC_WARN_UNUSED_VARIABLE = YES;
				IPHONEOS_DEPLOYMENT_TARGET = 10.3;
				MTL_ENABLE_DEBUG_INFO = NO;
				SDKROOT = iphoneos;
				SWIFT_OPTIMIZATION_LEVEL = "-Owholemodule";
				VALIDATE_PRODUCT = YES;
			};
			name = Release;
		};
		851D600B1E9B26D3001DF4CA /* Debug */ = {
			isa = XCBuildConfiguration;
			buildSettings = {
				ASSETCATALOG_COMPILER_APPICON_NAME = AppIcon;
				ASSETCATALOG_COMPILER_LAUNCHIMAGE_NAME = LaunchImage;
				DEVELOPMENT_TEAM = KY796692DU;
				INFOPLIST_FILE = DYZB/Info.plist;
				IPHONEOS_DEPLOYMENT_TARGET = 9.0;
				LD_RUNPATH_SEARCH_PATHS = "$(inherited) @executable_path/Frameworks";
				PRODUCT_BUNDLE_IDENTIFIER = com.yztMerchant.yztCompany.DYZB;
				PRODUCT_NAME = "$(TARGET_NAME)";
				SWIFT_VERSION = 3.0;
			};
			name = Debug;
		};
		851D600C1E9B26D3001DF4CA /* Release */ = {
			isa = XCBuildConfiguration;
			buildSettings = {
				ASSETCATALOG_COMPILER_APPICON_NAME = AppIcon;
				ASSETCATALOG_COMPILER_LAUNCHIMAGE_NAME = LaunchImage;
				DEVELOPMENT_TEAM = KY796692DU;
				INFOPLIST_FILE = DYZB/Info.plist;
				IPHONEOS_DEPLOYMENT_TARGET = 9.0;
				LD_RUNPATH_SEARCH_PATHS = "$(inherited) @executable_path/Frameworks";
				PRODUCT_BUNDLE_IDENTIFIER = com.yztMerchant.yztCompany.DYZB;
				PRODUCT_NAME = "$(TARGET_NAME)";
				SWIFT_VERSION = 3.0;
			};
			name = Release;
		};
/* End XCBuildConfiguration section */

/* Begin XCConfigurationList section */
		851D5FF31E9B26D2001DF4CA /* Build configuration list for PBXProject "DYZB" */ = {
			isa = XCConfigurationList;
			buildConfigurations = (
				851D60081E9B26D3001DF4CA /* Debug */,
				851D60091E9B26D3001DF4CA /* Release */,
			);
			defaultConfigurationIsVisible = 0;
			defaultConfigurationName = Release;
		};
		851D600A1E9B26D3001DF4CA /* Build configuration list for PBXNativeTarget "DYZB" */ = {
			isa = XCConfigurationList;
			buildConfigurations = (
				851D600B1E9B26D3001DF4CA /* Debug */,
				851D600C1E9B26D3001DF4CA /* Release */,
			);
			defaultConfigurationIsVisible = 0;
			defaultConfigurationName = Release;
		};
/* End XCConfigurationList section */
	};
	rootObject = 851D5FF01E9B26D2001DF4CA /* Project object */;
}
